
Microsoft Visual Studio Solution File, Format Version 12.00
# Visual Studio 15
VisualStudioVersion = 15.0.28010.2016
MinimumVisualStudioVersion = 10.0.40219.1
Project("{FAE04EC0-301F-11D3-BF4B-00C04F79EFBC}") = "Shop", "Shop\Shop.csproj", "{27E20ABA-C977-4F0C-B128-2DDCD8935198}"
EndProject
Global
	GlobalSection(SolutionConfigurationPlatforms) = preSolution
		Debug|Any CPU = Debug|Any CPU
		Release|Any CPU = Release|Any CPU
	EndGlobalSection
	GlobalSection(ProjectConfigurationPlatforms) = postSolution
		{27E20ABA-C977-4F0C-B128-2DDCD8935198}.Debug|Any CPU.ActiveCfg = Debug|Any CPU
		{27E20ABA-C977-4F0C-B128-2DDCD8935198}.Debug|Any CPU.Build.0 = Debug|Any CPU
		{27E20ABA-C977-4F0C-B128-2DDCD8935198}.Release|Any CPU.ActiveCfg = Release|Any CPU
		{27E20ABA-C977-4F0C-B128-2DDCD8935198}.Release|Any CPU.Build.0 = Release|Any CPU
	EndGlobalSection
	GlobalSection(SolutionProperties) = preSolution
		HideSolutionNode = FALSE
	EndGlobalSection
	GlobalSection(ExtensibilityGlobals) = postSolution
		SolutionGuid = {A55C6F9C-CC26-4897-AB8D-771E0457E96A}
	EndGlobalSection
EndGlobal
